
Microsoft Visual Studio Solution File, Format Version 12.00
# Visual Studio Version 17
VisualStudioVersion = 17.9.34622.214
MinimumVisualStudioVersion = 10.0.40219.1
Project("{FAE04EC0-301F-11D3-BF4B-00C04F79EFBC}") = "Needleman", "Needleman.csproj", "{76EC871C-79BE-46C5-9D6D-D2589754C6B1}"
EndProject
Global
	GlobalSection(SolutionConfigurationPlatforms) = preSolution
		Debug|Any CPU = Debug|Any CPU
		Release|Any CPU = Release|Any CPU
	EndGlobalSection
	GlobalSection(ProjectConfigurationPlatforms) = postSolution
		{76EC871C-79BE-46C5-9D6D-D2589754C6B1}.Debug|Any CPU.ActiveCfg = Debug|Any CPU
		{76EC871C-79BE-46C5-9D6D-D2589754C6B1}.Debug|Any CPU.Build.0 = Debug|Any CPU
		{76EC871C-79BE-46C5-9D6D-D2589754C6B1}.Release|Any CPU.ActiveCfg = Release|Any CPU
		{76EC871C-79BE-46C5-9D6D-D2589754C6B1}.Release|Any CPU.Build.0 = Release|Any CPU
	EndGlobalSection
	GlobalSection(SolutionProperties) = preSolution
		HideSolutionNode = FALSE
	EndGlobalSection
	GlobalSection(ExtensibilityGlobals) = postSolution
		SolutionGuid = {56CE76ED-8ABC-4C40-A80A-2A9A67559B2A}
	EndGlobalSection
EndGlobal
